{"1.1.0",
[{<<"base64url">>,{pkg,<<"base64url">>,<<"0.0.1">>},1},
 {<<"brod">>,{pkg,<<"brod">>,<<"3.7.3">>},0},
 {<<"cowboy">>,{pkg,<<"cowboy">>,<<"2.6.1">>},0},
 {<<"cowlib">>,{pkg,<<"cowlib">>,<<"2.7.0">>},1},
 {<<"crc32cer">>,{pkg,<<"crc32cer">>,<<"0.1.3">>},2},
 {<<"gproc">>,{pkg,<<"gproc">>,<<"0.8.0">>},0},
 {<<"jsx">>,{pkg,<<"jsx">>,<<"2.9.0">>},0},
 {<<"jwt">>,{pkg,<<"jwt">>,<<"0.1.6">>},0},
 {<<"kafka_protocol">>,{pkg,<<"kafka_protocol">>,<<"2.2.4">>},1},
 {<<"ranch">>,{pkg,<<"ranch">>,<<"1.7.1">>},1},
 {<<"snappyer">>,{pkg,<<"snappyer">>,<<"1.2.4">>},2},
 {<<"supervisor3">>,{pkg,<<"supervisor3">>,<<"1.1.8">>},1}]}.
[
{pkg_hash,[
 {<<"base64url">>, <<"36A90125F5948E3AFD7BE97662A1504B934DD5DAC78451CA6E9ABF85A10286BE">>},
 {<<"brod">>, <<"66C6FDF7566ACE823F70EDA86E99B5EEAE868D2D044679DC7E30776764581F3A">>},
 {<<"cowboy">>, <<"F2E06F757C337B3B311F9437E6E072B678FCD71545A7B2865BDAA154D078593F">>},
 {<<"cowlib">>, <<"3EF16E77562F9855A2605900CEDB15C1462D76FB1BE6A32FC3AE91973EE543D2">>},
 {<<"crc32cer">>, <<"8984906C4B4FAE6AA292C48F286A1C83B19AD44BD102287ACB94D696015967CE">>},
 {<<"gproc">>, <<"CEA02C578589C61E5341FCE149EA36CCEF236CC2ECAC8691FBA408E7EA77EC2F">>},
 {<<"jsx">>, <<"D2F6E5F069C00266CAD52FB15D87C428579EA4D7D73A33669E12679E203329DD">>},
 {<<"jwt">>, <<"F080AB90EED51B1159E43CF775277BD30AEDA85033AE2D278B4FFCAA32FF14B7">>},
 {<<"kafka_protocol">>, <<"B7AB21CD3385759ADA2048776D1AC7477719A3F2F61F23F8E2F2D84884D039F6">>},
 {<<"ranch">>, <<"6B1FAB51B49196860B733A49C07604465A47BDB78AA10C1C16A3D199F7F8C881">>},
 {<<"snappyer">>, <<"6D739C534CD2339633127A2B40279BE71F149E5842C5363A4D88E66EFB7C1FEC">>},
 {<<"supervisor3">>, <<"5CF95C95342B589EC8D74689EEA0646C0A3EB92820241E0C2D0CA4C104DF92BC">>}]}
].
